
Microsoft Visual Studio Solution File, Format Version 12.00
# Visual Studio Version 17
VisualStudioVersion = 17.5.002.0
MinimumVisualStudioVersion = 10.0.40219.1
Project("{9A19103F-16F7-4668-BE54-9A1E7A4F7556}") = "mis321-finalexam-pt2-mnbrog", "mis321-finalexam-pt2-mnbrog.csproj", "{3472ECAE-A9A8-4060-AC2D-8E4010FF1DE6}"
EndProject
Global
	GlobalSection(SolutionConfigurationPlatforms) = preSolution
		Debug|Any CPU = Debug|Any CPU
		Release|Any CPU = Release|Any CPU
	EndGlobalSection
	GlobalSection(ProjectConfigurationPlatforms) = postSolution
		{3472ECAE-A9A8-4060-AC2D-8E4010FF1DE6}.Debug|Any CPU.ActiveCfg = Debug|Any CPU
		{3472ECAE-A9A8-4060-AC2D-8E4010FF1DE6}.Debug|Any CPU.Build.0 = Debug|Any CPU
		{3472ECAE-A9A8-4060-AC2D-8E4010FF1DE6}.Release|Any CPU.ActiveCfg = Release|Any CPU
		{3472ECAE-A9A8-4060-AC2D-8E4010FF1DE6}.Release|Any CPU.Build.0 = Release|Any CPU
	EndGlobalSection
	GlobalSection(SolutionProperties) = preSolution
		HideSolutionNode = FALSE
	EndGlobalSection
	GlobalSection(ExtensibilityGlobals) = postSolution
		SolutionGuid = {F0A4107B-4B8E-4AE3-AF77-BB99AF3C377E}
	EndGlobalSection
EndGlobal
