
Microsoft Visual Studio Solution File, Format Version 12.00
# Visual Studio Version 17
VisualStudioVersion = 17.5.002.0
MinimumVisualStudioVersion = 10.0.40219.1
Project("{9A19103F-16F7-4668-BE54-9A1E7A4F7556}") = "mis321-exam2-pt2", "mis321-exam2-pt2.csproj", "{3A380B02-B0BE-4E34-98AF-65B2AA32C46C}"
EndProject
Global
	GlobalSection(SolutionConfigurationPlatforms) = preSolution
		Debug|Any CPU = Debug|Any CPU
		Release|Any CPU = Release|Any CPU
	EndGlobalSection
	GlobalSection(ProjectConfigurationPlatforms) = postSolution
		{3A380B02-B0BE-4E34-98AF-65B2AA32C46C}.Debug|Any CPU.ActiveCfg = Debug|Any CPU
		{3A380B02-B0BE-4E34-98AF-65B2AA32C46C}.Debug|Any CPU.Build.0 = Debug|Any CPU
		{3A380B02-B0BE-4E34-98AF-65B2AA32C46C}.Release|Any CPU.ActiveCfg = Release|Any CPU
		{3A380B02-B0BE-4E34-98AF-65B2AA32C46C}.Release|Any CPU.Build.0 = Release|Any CPU
	EndGlobalSection
	GlobalSection(SolutionProperties) = preSolution
		HideSolutionNode = FALSE
	EndGlobalSection
	GlobalSection(ExtensibilityGlobals) = postSolution
		SolutionGuid = {F8275302-D503-4A66-8BCF-C63684DCD34D}
	EndGlobalSection
EndGlobal
